
Microsoft Visual Studio Solution File, Format Version 12.00
# Visual Studio 14
VisualStudioVersion = 14.0.25123.0
MinimumVisualStudioVersion = 10.0.40219.1
Project("{FAE04EC0-301F-11D3-BF4B-00C04F79EFBC}") = "TheBindingOfRandom", "TheBindingOfRandom\TheBindingOfRandom.csproj", "{4D59C23B-BD9B-4CB8-A967-C7F1058F6E78}"
EndProject
Global
	GlobalSection(SolutionConfigurationPlatforms) = preSolution
		Debug|Any CPU = Debug|Any CPU
		Release|Any CPU = Release|Any CPU
	EndGlobalSection
	GlobalSection(ProjectConfigurationPlatforms) = postSolution
		{4D59C23B-BD9B-4CB8-A967-C7F1058F6E78}.Debug|Any CPU.ActiveCfg = Debug|Any CPU
		{4D59C23B-BD9B-4CB8-A967-C7F1058F6E78}.Debug|Any CPU.Build.0 = Debug|Any CPU
		{4D59C23B-BD9B-4CB8-A967-C7F1058F6E78}.Release|Any CPU.ActiveCfg = Release|Any CPU
		{4D59C23B-BD9B-4CB8-A967-C7F1058F6E78}.Release|Any CPU.Build.0 = Release|Any CPU
	EndGlobalSection
	GlobalSection(SolutionProperties) = preSolution
		HideSolutionNode = FALSE
	EndGlobalSection
EndGlobal
